// !$*UTF8*$!
{
	archiveVersion = 1;
	classes = {
	};
	objectVersion = 46;
	objects = {

/* Begin PBXBuildFile section */
		9154E6481F0CD10A003FE767 /* AppDelegate.swift in Sources */ = {isa = PBXBuildFile; fileRef = 9154E6471F0CD10A003FE767 /* AppDelegate.swift */; };
		9154E64A1F0CD10A003FE767 /* ViewController.swift in Sources */ = {isa = PBXBuildFile; fileRef = 9154E6491F0CD10A003FE767 /* ViewController.swift */; };
		9154E64D1F0CD10A003FE767 /* Main.storyboard in Resources */ = {isa = PBXBuildFile; fileRef = 9154E64B1F0CD10A003FE767 /* Main.storyboard */; };
		9154E64F1F0CD10A003FE767 /* Assets.xcassets in Resources */ = {isa = PBXBuildFile; fileRef = 9154E64E1F0CD10A003FE767 /* Assets.xcassets */; };
		9154E6521F0CD10A003FE767 /* LaunchScreen.storyboard in Resources */ = {isa = PBXBuildFile; fileRef = 9154E6501F0CD10A003FE767 /* LaunchScreen.storyboard */; };
		9154E65D1F0CD10A003FE767 /* UIImageView2Tests.swift in Sources */ = {isa = PBXBuildFile; fileRef = 9154E65C1F0CD10A003FE767 /* UIImageView2Tests.swift */; };
		9154E6681F0CD10A003FE767 /* UIImageView2UITests.swift in Sources */ = {isa = PBXBuildFile; fileRef = 9154E6671F0CD10A003FE767 /* UIImageView2UITests.swift */; };
/* End PBXBuildFile section */

/* Begin PBXContainerItemProxy section */
		9154E6591F0CD10A003FE767 /* PBXContainerItemProxy */ = {
			isa = PBXContainerItemProxy;
			containerPortal = 9154E63C1F0CD10A003FE767 /* Project object */;
			proxyType = 1;
			remoteGlobalIDString = 9154E6431F0CD10A003FE767;
			remoteInfo = UIImageView2;
		};
		9154E6641F0CD10A003FE767 /* PBXContainerItemProxy */ = {
			isa = PBXContainerItemProxy;
			containerPortal = 9154E63C1F0CD10A003FE767 /* Project object */;
			proxyType = 1;
			remoteGlobalIDString = 9154E6431F0CD10A003FE767;
			remoteInfo = UIImageView2;
		};
/* End PBXContainerItemProxy section */

/* Begin PBXFileReference section */
		9154E6441F0CD10A003FE767 /* UIImageView2.app */ = {isa = PBXFileReference; explicitFileType = wrapper.application; includeInIndex = 0; path = UIImageView2.app; sourceTree = BUILT_PRODUCTS_DIR; };
		9154E6471F0CD10A003FE767 /* AppDelegate.swift */ = {isa = PBXFileReference; lastKnownFileType = sourcecode.swift; path = AppDelegate.swift; sourceTree = "<group>"; };
		9154E6491F0CD10A003FE767 /* ViewController.swift */ = {isa = PBXFileReference; lastKnownFileType = sourcecode.swift; path = ViewController.swift; sourceTree = "<group>"; };
		9154E64C1F0CD10A003FE767 /* Base */ = {isa = PBXFileReference; lastKnownFileType = file.storyboard; name = Base; path = Base.lproj/Main.storyboard; sourceTree = "<group>"; };
		9154E64E1F0CD10A003FE767 /* Assets.xcassets */ = {isa = PBXFileReference; lastKnownFileType = folder.assetcatalog; path = Assets.xcassets; sourceTree = "<group>"; };
		9154E6511F0CD10A003FE767 /* Base */ = {isa = PBXFileReference; lastKnownFileType = file.storyboard; name = Base; path = Base.lproj/LaunchScreen.storyboard; sourceTree = "<group>"; };
		9154E6531F0CD10A003FE767 /* Info.plist */ = {isa = PBXFileReference; lastKnownFileType = text.plist.xml; path = Info.plist; sourceTree = "<group>"; };
		9154E6581F0CD10A003FE767 /* UIImageView2Tests.xctest */ = {isa = PBXFileReference; explicitFileType = wrapper.cfbundle; includeInIndex = 0; path = UIImageView2Tests.xctest; sourceTree = BUILT_PRODUCTS_DIR; };
		9154E65C1F0CD10A003FE767 /* UIImageView2Tests.swift */ = {isa = PBXFileReference; lastKnownFileType = sourcecode.swift; path = UIImageView2Tests.swift; sourceTree = "<group>"; };
		9154E65E1F0CD10A003FE767 /* Info.plist */ = {isa = PBXFileReference; lastKnownFileType = text.plist.xml; path = Info.plist; sourceTree = "<group>"; };
		9154E6631F0CD10A003FE767 /* UIImageView2UITests.xctest */ = {isa = PBXFileReference; explicitFileType = wrapper.cfbundle; includeInIndex = 0; path = UIImageView2UITests.xctest; sourceTree = BUILT_PRODUCTS_DIR; };
		9154E6671F0CD10A003FE767 /* UIImageView2UITests.swift */ = {isa = PBXFileReference; lastKnownFileType = sourcecode.swift; path = UIImageView2UITests.swift; sourceTree = "<group>"; };
		9154E6691F0CD10A003FE767 /* Info.plist */ = {isa = PBXFileReference; lastKnownFileType = text.plist.xml; path = Info.plist; sourceTree = "<group>"; };
/* End PBXFileReference section */

/* Begin PBXFrameworksBuildPhase section */
		9154E6411F0CD10A003FE767 /* Frameworks */ = {
			isa = PBXFrameworksBuildPhase;
			buildActionMask = 2147483647;
			files = (
			);
			runOnlyForDeploymentPostprocessing = 0;
		};
		9154E6551F0CD10A003FE767 /* Frameworks */ = {
			isa = PBXFrameworksBuildPhase;
			buildActionMask = 2147483647;
			files = (
			);
			runOnlyForDeploymentPostprocessing = 0;
		};
		9154E6601F0CD10A003FE767 /* Frameworks */ = {
			isa = PBXFrameworksBuildPhase;
			buildActionMask = 2147483647;
			files = (
			);
			runOnlyForDeploymentPostprocessing = 0;
		};
/* End PBXFrameworksBuildPhase section */

/* Begin PBXGroup section */
		9154E63B1F0CD10A003FE767 = {
			isa = PBXGroup;
			children = (
				9154E6461F0CD10A003FE767 /* UIImageView2 */,
				9154E65B1F0CD10A003FE767 /* UIImageView2Tests */,
				9154E6661F0CD10A003FE767 /* UIImageView2UITests */,
				9154E6451F0CD10A003FE767 /* Products */,
			);
			sourceTree = "<group>";
		};
		9154E6451F0CD10A003FE767 /* Products */ = {
			isa = PBXGroup;
			children = (
				9154E6441F0CD10A003FE767 /* UIImageView2.app */,
				9154E6581F0CD10A003FE767 /* UIImageView2Tests.xctest */,
				9154E6631F0CD10A003FE767 /* UIImageView2UITests.xctest */,
			);
			name = Products;
			sourceTree = "<group>";
		};
		9154E6461F0CD10A003FE767 /* UIImageView2 */ = {
			isa = PBXGroup;
			children = (
				9154E6471F0CD10A003FE767 /* AppDelegate.swift */,
				9154E6491F0CD10A003FE767 /* ViewController.swift */,
				9154E64B1F0CD10A003FE767 /* Main.storyboard */,
				9154E64E1F0CD10A003FE767 /* Assets.xcassets */,
				9154E6501F0CD10A003FE767 /* LaunchScreen.storyboard */,
				9154E6531F0CD10A003FE767 /* Info.plist */,
			);
			path = UIImageView2;
			sourceTree = "<group>";
		};
		9154E65B1F0CD10A003FE767 /* UIImageView2Tests */ = {
			isa = PBXGroup;
			children = (
				9154E65C1F0CD10A003FE767 /* UIImageView2Tests.swift */,
				9154E65E1F0CD10A003FE767 /* Info.plist */,
			);
			path = UIImageView2Tests;
			sourceTree = "<group>";
		};
		9154E6661F0CD10A003FE767 /* UIImageView2UITests */ = {
			isa = PBXGroup;
			children = (
				9154E6671F0CD10A003FE767 /* UIImageView2UITests.swift */,
				9154E6691F0CD10A003FE767 /* Info.plist */,
			);
			path = UIImageView2UITests;
			sourceTree = "<group>";
		};
/* End PBXGroup section */

/* Begin PBXNativeTarget section */
		9154E6431F0CD10A003FE767 /* UIImageView2 */ = {
			isa = PBXNativeTarget;
			buildConfigurationList = 9154E66C1F0CD10B003FE767 /* Build configuration list for PBXNativeTarget "UIImageView2" */;
			buildPhases = (
				9154E6401F0CD10A003FE767 /* Sources */,
				9154E6411F0CD10A003FE767 /* Frameworks */,
				9154E6421F0CD10A003FE767 /* Resources */,
			);
			buildRules = (
			);
			dependencies = (
			);
			name = UIImageView2;
			productName = UIImageView2;
			productReference = 9154E6441F0CD10A003FE767 /* UIImageView2.app */;
			productType = "com.apple.product-type.application";
		};
		9154E6571F0CD10A003FE767 /* UIImageView2Tests */ = {
			isa = PBXNativeTarget;
			buildConfigurationList = 9154E66F1F0CD10B003FE767 /* Build configuration list for PBXNativeTarget "UIImageView2Tests" */;
			buildPhases = (
				9154E6541F0CD10A003FE767 /* Sources */,
				9154E6551F0CD10A003FE767 /* Frameworks */,
				9154E6561F0CD10A003FE767 /* Resources */,
			);
			buildRules = (
			);
			dependencies = (
				9154E65A1F0CD10A003FE767 /* PBXTargetDependency */,
			);
			name = UIImageView2Tests;
			productName = UIImageView2Tests;
			productReference = 9154E6581F0CD10A003FE767 /* UIImageView2Tests.xctest */;
			productType = "com.apple.product-type.bundle.unit-test";
		};
		9154E6621F0CD10A003FE767 /* UIImageView2UITests */ = {
			isa = PBXNativeTarget;
			buildConfigurationList = 9154E6721F0CD10B003FE767 /* Build configuration list for PBXNativeTarget "UIImageView2UITests" */;
			buildPhases = (
				9154E65F1F0CD10A003FE767 /* Sources */,
				9154E6601F0CD10A003FE767 /* Frameworks */,
				9154E6611F0CD10A003FE767 /* Resources */,
			);
			buildRules = (
			);
			dependencies = (
				9154E6651F0CD10A003FE767 /* PBXTargetDependency */,
			);
			name = UIImageView2UITests;
			productName = UIImageView2UITests;
			productReference = 9154E6631F0CD10A003FE767 /* UIImageView2UITests.xctest */;
			productType = "com.apple.product-type.bundle.ui-testing";
		};
/* End PBXNativeTarget section */

/* Begin PBXProject section */
		9154E63C1F0CD10A003FE767 /* Project object */ = {
			isa = PBXProject;
			attributes = {
				LastSwiftUpdateCheck = 0830;
				LastUpgradeCheck = 0830;
				ORGANIZATIONNAME = cntt26;
				TargetAttributes = {
					9154E6431F0CD10A003FE767 = {
						CreatedOnToolsVersion = 8.3.2;
						DevelopmentTeam = D9L6JVDPWS;
						ProvisioningStyle = Automatic;
					};
					9154E6571F0CD10A003FE767 = {
						CreatedOnToolsVersion = 8.3.2;
						DevelopmentTeam = D9L6JVDPWS;
						ProvisioningStyle = Automatic;
						TestTargetID = 9154E6431F0CD10A003FE767;
					};
					9154E6621F0CD10A003FE767 = {
						CreatedOnToolsVersion = 8.3.2;
						DevelopmentTeam = D9L6JVDPWS;
						ProvisioningStyle = Automatic;
						TestTargetID = 9154E6431F0CD10A003FE767;
					};
				};
			};
			buildConfigurationList = 9154E63F1F0CD10A003FE767 /* Build configuration list for PBXProject "UIImageView2" */;
			compatibilityVersion = "Xcode 3.2";
			developmentRegion = English;
			hasScannedForEncodings = 0;
			knownRegions = (
				en,
				Base,
			);
			mainGroup = 9154E63B1F0CD10A003FE767;
			productRefGroup = 9154E6451F0CD10A003FE767 /* Products */;
			projectDirPath = "";
			projectRoot = "";
			targets = (
				9154E6431F0CD10A003FE767 /* UIImageView2 */,
				9154E6571F0CD10A003FE767 /* UIImageView2Tests */,
				9154E6621F0CD10A003FE767 /* UIImageView2UITests */,
			);
		};
/* End PBXProject section */

/* Begin PBXResourcesBuildPhase section */
		9154E6421F0CD10A003FE767 /* Resources */ = {
			isa = PBXResourcesBuildPhase;
			buildActionMask = 2147483647;
			files = (
				9154E6521F0CD10A003FE767 /* LaunchScreen.storyboard in Resources */,
				9154E64F1F0CD10A003FE767 /* Assets.xcassets in Resources */,
				9154E64D1F0CD10A003FE767 /* Main.storyboard in Resources */,
			);
			runOnlyForDeploymentPostprocessing = 0;
		};
		9154E6561F0CD10A003FE767 /* Resources */ = {
			isa = PBXResourcesBuildPhase;
			buildActionMask = 2147483647;
			files = (
			);
			runOnlyForDeploymentPostprocessing = 0;
		};
		9154E6611F0CD10A003FE767 /* Resources */ = {
			isa = PBXResourcesBuildPhase;
			buildActionMask = 2147483647;
			files = (
			);
			runOnlyForDeploymentPostprocessing = 0;
		};
/* End PBXResourcesBuildPhase section */

/* Begin PBXSourcesBuildPhase section */
		9154E6401F0CD10A003FE767 /* Sources */ = {
			isa = PBXSourcesBuildPhase;
			buildActionMask = 2147483647;
			files = (
				9154E64A1F0CD10A003FE767 /* ViewController.swift in Sources */,
				9154E6481F0CD10A003FE767 /* AppDelegate.swift in Sources */,
			);
			runOnlyForDeploymentPostprocessing = 0;
		};
		9154E6541F0CD10A003FE767 /* Sources */ = {
			isa = PBXSourcesBuildPhase;
			buildActionMask = 2147483647;
			files = (
				9154E65D1F0CD10A003FE767 /* UIImageView2Tests.swift in Sources */,
			);
			runOnlyForDeploymentPostprocessing = 0;
		};
		9154E65F1F0CD10A003FE767 /* Sources */ = {
			isa = PBXSourcesBuildPhase;
			buildActionMask = 2147483647;
			files = (
				9154E6681F0CD10A003FE767 /* UIImageView2UITests.swift in Sources */,
			);
			runOnlyForDeploymentPostprocessing = 0;
		};
/* End PBXSourcesBuildPhase section */

/* Begin PBXTargetDependency section */
		9154E65A1F0CD10A003FE767 /* PBXTargetDependency */ = {
			isa = PBXTargetDependency;
			target = 9154E6431F0CD10A003FE767 /* UIImageView2 */;
			targetProxy = 9154E6591F0CD10A003FE767 /* PBXContainerItemProxy */;
		};
		9154E6651F0CD10A003FE767 /* PBXTargetDependency */ = {
			isa = PBXTargetDependency;
			target = 9154E6431F0CD10A003FE767 /* UIImageView2 */;
			targetProxy = 9154E6641F0CD10A003FE767 /* PBXContainerItemProxy */;
		};
/* End PBXTargetDependency section */

/* Begin PBXVariantGroup section */
		9154E64B1F0CD10A003FE767 /* Main.storyboard */ = {
			isa = PBXVariantGroup;
			children = (
				9154E64C1F0CD10A003FE767 /* Base */,
			);
			name = Main.storyboard;
			sourceTree = "<group>";
		};
		9154E6501F0CD10A003FE767 /* LaunchScreen.storyboard */ = {
			isa = PBXVariantGroup;
			children = (
				9154E6511F0CD10A003FE767 /* Base */,
			);
			name = LaunchScreen.storyboard;
			sourceTree = "<group>";
		};
/* End PBXVariantGroup section */

/* Begin XCBuildConfiguration section */
		9154E66A1F0CD10B003FE767 /* Debug */ = {
			isa = XCBuildConfiguration;
			buildSettings = {
				ALWAYS_SEARCH_USER_PATHS = NO;
				CLANG_ANALYZER_NONNULL = YES;
				CLANG_ANALYZER_NUMBER_OBJECT_CONVERSION = YES_AGGRESSIVE;
				CLANG_CXX_LANGUAGE_STANDARD = "gnu++0x";
				CLANG_CXX_LIBRARY = "libc++";
				CLANG_ENABLE_MODULES = YES;
				CLANG_ENABLE_OBJC_ARC = YES;
				CLANG_WARN_BOOL_CONVERSION = YES;
				CLANG_WARN_CONSTANT_CONVERSION = YES;
				CLANG_WARN_DIRECT_OBJC_ISA_USAGE = YES_ERROR;
				CLANG_WARN_DOCUMENTATION_COMMENTS = YES;
				CLANG_WARN_EMPTY_BODY = YES;
				CLANG_WARN_ENUM_CONVERSION = YES;
				CLANG_WARN_INFINITE_RECURSION = YES;
				CLANG_WARN_INT_CONVERSION = YES;
				CLANG_WARN_OBJC_ROOT_CLASS = YES_ERROR;
				CLANG_WARN_SUSPICIOUS_MOVE = YES;
				CLANG_WARN_UNREACHABLE_CODE = YES;
				CLANG_WARN__DUPLICATE_METHOD_MATCH = YES;
				"CODE_SIGN_IDENTITY[sdk=iphoneos*]" = "iPhone Developer";
				COPY_PHASE_STRIP = NO;
				DEBUG_INFORMATION_FORMAT = dwarf;
				ENABLE_STRICT_OBJC_MSGSEND = YES;
				ENABLE_TESTABILITY = YES;
				GCC_C_LANGUAGE_STANDARD = gnu99;
				GCC_DYNAMIC_NO_PIC = NO;
				GCC_NO_COMMON_BLOCKS = YES;
				GCC_OPTIMIZATION_LEVEL = 0;
				GCC_PREPROCESSOR_DEFINITIONS = (
					"DEBUG=1",
					"$(inherited)",
				);
				GCC_WARN_64_TO_32_BIT_CONVERSION = YES;
				GCC_WARN_ABOUT_RETURN_TYPE = YES_ERROR;
				GCC_WARN_UNDECLARED_SELECTOR = YES;
				GCC_WARN_UNINITIALIZED_AUTOS = YES_AGGRESSIVE;
				GCC_WARN_UNUSED_FUNCTION = YES;
				GCC_WARN_UNUSED_VARIABLE = YES;
				IPHONEOS_DEPLOYMENT_TARGET = 10.3;
				MTL_ENABLE_DEBUG_INFO = YES;
				ONLY_ACTIVE_ARCH = YES;
				SDKROOT = iphoneos;
				SWIFT_ACTIVE_COMPILATION_CONDITIONS = DEBUG;
				SWIFT_OPTIMIZATION_LEVEL = "-Onone";
				TARGETED_DEVICE_FAMILY = "1,2";
			};
			name = Debug;
		};
		9154E66B1F0CD10B003FE767 /* Release */ = {
			isa = XCBuildConfiguration;
			buildSettings = {
				ALWAYS_SEARCH_USER_PATHS = NO;
				CLANG_ANALYZER_NONNULL = YES;
				CLANG_ANALYZER_NUMBER_OBJECT_CONVERSION = YES_AGGRESSIVE;
				CLANG_CXX_LANGUAGE_STANDARD = "gnu++0x";
				CLANG_CXX_LIBRARY = "libc++";
				CLANG_ENABLE_MODULES = YES;
				CLANG_ENABLE_OBJC_ARC = YES;
				CLANG_WARN_BOOL_CONVERSION = YES;
				CLANG_WARN_CONSTANT_CONVERSION = YES;
				CLANG_WARN_DIRECT_OBJC_ISA_USAGE = YES_ERROR;
				CLANG_WARN_DOCUMENTATION_COMMENTS = YES;
				CLANG_WARN_EMPTY_BODY = YES;
				CLANG_WARN_ENUM_CONVERSION = YES;
				CLANG_WARN_INFINITE_RECURSION = YES;
				CLANG_WARN_INT_CONVERSION = YES;
				CLANG_WARN_OBJC_ROOT_CLASS = YES_ERROR;
				CLANG_WARN_SUSPICIOUS_MOVE = YES;
				CLANG_WARN_UNREACHABLE_CODE = YES;
				CLANG_WARN__DUPLICATE_METHOD_MATCH = YES;
				"CODE_SIGN_IDENTITY[sdk=iphoneos*]" = "iPhone Developer";
				COPY_PHASE_STRIP = NO;
				DEBUG_INFORMATION_FORMAT = "dwarf-with-dsym";
				ENABLE_NS_ASSERTIONS = NO;
				ENABLE_STRICT_OBJC_MSGSEND = YES;
				GCC_C_LANGUAGE_STANDARD = gnu99;
				GCC_NO_COMMON_BLOCKS = YES;
				GCC_WARN_64_TO_32_BIT_CONVERSION = YES;
				GCC_WARN_ABOUT_RETURN_TYPE = YES_ERROR;
				GCC_WARN_UNDECLARED_SELECTOR = YES;
				GCC_WARN_UNINITIALIZED_AUTOS = YES_AGGRESSIVE;
				GCC_WARN_UNUSED_FUNCTION = YES;
				GCC_WARN_UNUSED_VARIABLE = YES;
				IPHONEOS_DEPLOYMENT_TARGET = 10.3;
				MTL_ENABLE_DEBUG_INFO = NO;
				SDKROOT = iphoneos;
				SWIFT_OPTIMIZATION_LEVEL = "-Owholemodule";
				TARGETED_DEVICE_FAMILY = "1,2";
				VALIDATE_PRODUCT = YES;
			};
			name = Release;
		};
		9154E66D1F0CD10B003FE767 /* Debug */ = {
			isa = XCBuildConfiguration;
			buildSettings = {
				ASSETCATALOG_COMPILER_APPICON_NAME = AppIcon;
				DEVELOPMENT_TEAM = D9L6JVDPWS;
				INFOPLIST_FILE = UIImageView2/Info.plist;
				LD_RUNPATH_SEARCH_PATHS = "$(inherited) @executable_path/Frameworks";
				PRODUCT_BUNDLE_IDENTIFIER = xuanbac.UIImageView2;
				PRODUCT_NAME = "$(TARGET_NAME)";
				SWIFT_VERSION = 3.0;
			};
			name = Debug;
		};
		9154E66E1F0CD10B003FE767 /* Release */ = {
			isa = XCBuildConfiguration;
			buildSettings = {
				ASSETCATALOG_COMPILER_APPICON_NAME = AppIcon;
				DEVELOPMENT_TEAM = D9L6JVDPWS;
				INFOPLIST_FILE = UIImageView2/Info.plist;
				LD_RUNPATH_SEARCH_PATHS = "$(inherited) @executable_path/Frameworks";
				PRODUCT_BUNDLE_IDENTIFIER = xuanbac.UIImageView2;
				PRODUCT_NAME = "$(TARGET_NAME)";
				SWIFT_VERSION = 3.0;
			};
			name = Release;
		};
		9154E6701F0CD10B003FE767 /* Debug */ = {
			isa = XCBuildConfiguration;
			buildSettings = {
				ALWAYS_EMBED_SWIFT_STANDARD_LIBRARIES = YES;
				BUNDLE_LOADER = "$(TEST_HOST)";
				DEVELOPMENT_TEAM = D9L6JVDPWS;
				INFOPLIST_FILE = UIImageView2Tests/Info.plist;
				LD_RUNPATH_SEARCH_PATHS = "$(inherited) @executable_path/Frameworks @loader_path/Frameworks";
				PRODUCT_BUNDLE_IDENTIFIER = xuanbac.UIImageView2Tests;
				PRODUCT_NAME = "$(TARGET_NAME)";
				SWIFT_VERSION = 3.0;
				TEST_HOST = "$(BUILT_PRODUCTS_DIR)/UIImageView2.app/UIImageView2";
			};
			name = Debug;
		};
		9154E6711F0CD10B003FE767 /* Release */ = {
			isa = XCBuildConfiguration;
			buildSettings = {
				ALWAYS_EMBED_SWIFT_STANDARD_LIBRARIES = YES;
				BUNDLE_LOADER = "$(TEST_HOST)";
				DEVELOPMENT_TEAM = D9L6JVDPWS;
				INFOPLIST_FILE = UIImageView2Tests/Info.plist;
				LD_RUNPATH_SEARCH_PATHS = "$(inherited) @executable_path/Frameworks @loader_path/Frameworks";
				PRODUCT_BUNDLE_IDENTIFIER = xuanbac.UIImageView2Tests;
				PRODUCT_NAME = "$(TARGET_NAME)";
				SWIFT_VERSION = 3.0;
				TEST_HOST = "$(BUILT_PRODUCTS_DIR)/UIImageView2.app/UIImageView2";
			};
			name = Release;
		};
		9154E6731F0CD10B003FE767 /* Debug */ = {
			isa = XCBuildConfiguration;
			buildSettings = {
				ALWAYS_EMBED_SWIFT_STANDARD_LIBRARIES = YES;
				DEVELOPMENT_TEAM = D9L6JVDPWS;
				INFOPLIST_FILE = UIImageView2UITests/Info.plist;
				LD_RUNPATH_SEARCH_PATHS = "$(inherited) @executable_path/Frameworks @loader_path/Frameworks";
				PRODUCT_BUNDLE_IDENTIFIER = xuanbac.UIImageView2UITests;
				PRODUCT_NAME = "$(TARGET_NAME)";
				SWIFT_VERSION = 3.0;
				TEST_TARGET_NAME = UIImageView2;
			};
			name = Debug;
		};
		9154E6741F0CD10B003FE767 /* Release */ = {
			isa = XCBuildConfiguration;
			buildSettings = {
				ALWAYS_EMBED_SWIFT_STANDARD_LIBRARIES = YES;
				DEVELOPMENT_TEAM = D9L6JVDPWS;
				INFOPLIST_FILE = UIImageView2UITests/Info.plist;
				LD_RUNPATH_SEARCH_PATHS = "$(inherited) @executable_path/Frameworks @loader_path/Frameworks";
				PRODUCT_BUNDLE_IDENTIFIER = xuanbac.UIImageView2UITests;
				PRODUCT_NAME = "$(TARGET_NAME)";
				SWIFT_VERSION = 3.0;
				TEST_TARGET_NAME = UIImageView2;
			};
			name = Release;
		};
/* End XCBuildConfiguration section */

/* Begin XCConfigurationList section */
		9154E63F1F0CD10A003FE767 /* Build configuration list for PBXProject "UIImageView2" */ = {
			isa = XCConfigurationList;
			buildConfigurations = (
				9154E66A1F0CD10B003FE767 /* Debug */,
				9154E66B1F0CD10B003FE767 /* Release */,
			);
			defaultConfigurationIsVisible = 0;
			defaultConfigurationName = Release;
		};
		9154E66C1F0CD10B003FE767 /* Build configuration list for PBXNativeTarget "UIImageView2" */ = {
			isa = XCConfigurationList;
			buildConfigurations = (
				9154E66D1F0CD10B003FE767 /* Debug */,
				9154E66E1F0CD10B003FE767 /* Release */,
			);
			defaultConfigurationIsVisible = 0;
		};
		9154E66F1F0CD10B003FE767 /* Build configuration list for PBXNativeTarget "UIImageView2Tests" */ = {
			isa = XCConfigurationList;
			buildConfigurations = (
				9154E6701F0CD10B003FE767 /* Debug */,
				9154E6711F0CD10B003FE767 /* Release */,
			);
			defaultConfigurationIsVisible = 0;
		};
		9154E6721F0CD10B003FE767 /* Build configuration list for PBXNativeTarget "UIImageView2UITests" */ = {
			isa = XCConfigurationList;
			buildConfigurations = (
				9154E6731F0CD10B003FE767 /* Debug */,
				9154E6741F0CD10B003FE767 /* Release */,
			);
			defaultConfigurationIsVisible = 0;
		};
/* End XCConfigurationList section */
	};
	rootObject = 9154E63C1F0CD10A003FE767 /* Project object */;
}
